
Microsoft Visual Studio Solution File, Format Version 12.00
# Visual Studio Version 17
VisualStudioVersion = 17.0.32002.185
MinimumVisualStudioVersion = 10.0.40219.1
Project("{FAE04EC0-301F-11D3-BF4B-00C04F79EFBC}") = "SudokuSolver", "SudokuSolver\SudokuSolver.csproj", "{641E5754-5E95-44E9-A102-4712198CDEF4}"
EndProject
Global
	GlobalSection(SolutionConfigurationPlatforms) = preSolution
		Debug|Any CPU = Debug|Any CPU
		Release|Any CPU = Release|Any CPU
	EndGlobalSection
	GlobalSection(ProjectConfigurationPlatforms) = postSolution
		{641E5754-5E95-44E9-A102-4712198CDEF4}.Debug|Any CPU.ActiveCfg = Debug|Any CPU
		{641E5754-5E95-44E9-A102-4712198CDEF4}.Debug|Any CPU.Build.0 = Debug|Any CPU
		{641E5754-5E95-44E9-A102-4712198CDEF4}.Release|Any CPU.ActiveCfg = Release|Any CPU
		{641E5754-5E95-44E9-A102-4712198CDEF4}.Release|Any CPU.Build.0 = Release|Any CPU
	EndGlobalSection
	GlobalSection(SolutionProperties) = preSolution
		HideSolutionNode = FALSE
	EndGlobalSection
	GlobalSection(ExtensibilityGlobals) = postSolution
		SolutionGuid = {213DC2A6-BDE1-4E08-9381-1981F0BD8B64}
	EndGlobalSection
EndGlobal
